
Microsoft Visual Studio Solution File, Format Version 12.00
# Visual Studio Version 16
VisualStudioVersion = 16.0.31729.503
MinimumVisualStudioVersion = 10.0.40219.1
Project("{8BC9CEB8-8B4A-11D0-8D11-00A0C91BC942}") = "Week 7", "Week 7.vcxproj", "{D23AD8EA-1D8C-4A6B-B02C-8A1973CBDAC0}"
EndProject
Global
	GlobalSection(SolutionConfigurationPlatforms) = preSolution
		Debug|x64 = Debug|x64
		Debug|x86 = Debug|x86
		Release|x64 = Release|x64
		Release|x86 = Release|x86
	EndGlobalSection
	GlobalSection(ProjectConfigurationPlatforms) = postSolution
		{D23AD8EA-1D8C-4A6B-B02C-8A1973CBDAC0}.Debug|x64.ActiveCfg = Debug|x64
		{D23AD8EA-1D8C-4A6B-B02C-8A1973CBDAC0}.Debug|x64.Build.0 = Debug|x64
		{D23AD8EA-1D8C-4A6B-B02C-8A1973CBDAC0}.Debug|x86.ActiveCfg = Debug|Win32
		{D23AD8EA-1D8C-4A6B-B02C-8A1973CBDAC0}.Debug|x86.Build.0 = Debug|Win32
		{D23AD8EA-1D8C-4A6B-B02C-8A1973CBDAC0}.Release|x64.ActiveCfg = Release|x64
		{D23AD8EA-1D8C-4A6B-B02C-8A1973CBDAC0}.Release|x64.Build.0 = Release|x64
		{D23AD8EA-1D8C-4A6B-B02C-8A1973CBDAC0}.Release|x86.ActiveCfg = Release|Win32
		{D23AD8EA-1D8C-4A6B-B02C-8A1973CBDAC0}.Release|x86.Build.0 = Release|Win32
	EndGlobalSection
	GlobalSection(SolutionProperties) = preSolution
		HideSolutionNode = FALSE
	EndGlobalSection
	GlobalSection(ExtensibilityGlobals) = postSolution
		SolutionGuid = {7E33FBE6-2816-4080-9EAB-66987C26B741}
	EndGlobalSection
EndGlobal
