
Microsoft Visual Studio Solution File, Format Version 12.00
# Visual Studio Version 16
VisualStudioVersion = 16.0.31829.152
MinimumVisualStudioVersion = 10.0.40219.1
Project("{8BC9CEB8-8B4A-11D0-8D11-00A0C91BC942}") = "Week 13", "Week 13.vcxproj", "{5061E292-2463-4B04-9EA5-687655A29B41}"
EndProject
Global
	GlobalSection(SolutionConfigurationPlatforms) = preSolution
		Debug|x64 = Debug|x64
		Debug|x86 = Debug|x86
		Release|x64 = Release|x64
		Release|x86 = Release|x86
	EndGlobalSection
	GlobalSection(ProjectConfigurationPlatforms) = postSolution
		{5061E292-2463-4B04-9EA5-687655A29B41}.Debug|x64.ActiveCfg = Debug|x64
		{5061E292-2463-4B04-9EA5-687655A29B41}.Debug|x64.Build.0 = Debug|x64
		{5061E292-2463-4B04-9EA5-687655A29B41}.Debug|x86.ActiveCfg = Debug|Win32
		{5061E292-2463-4B04-9EA5-687655A29B41}.Debug|x86.Build.0 = Debug|Win32
		{5061E292-2463-4B04-9EA5-687655A29B41}.Release|x64.ActiveCfg = Release|x64
		{5061E292-2463-4B04-9EA5-687655A29B41}.Release|x64.Build.0 = Release|x64
		{5061E292-2463-4B04-9EA5-687655A29B41}.Release|x86.ActiveCfg = Release|Win32
		{5061E292-2463-4B04-9EA5-687655A29B41}.Release|x86.Build.0 = Release|Win32
	EndGlobalSection
	GlobalSection(SolutionProperties) = preSolution
		HideSolutionNode = FALSE
	EndGlobalSection
	GlobalSection(ExtensibilityGlobals) = postSolution
		SolutionGuid = {8CD7375C-0EAA-4A2A-88C3-D6859B5CC666}
	EndGlobalSection
EndGlobal
