
Microsoft Visual Studio Solution File, Format Version 12.00
# Visual Studio Version 16
VisualStudioVersion = 16.0.31702.278
MinimumVisualStudioVersion = 10.0.40219.1
Project("{8BC9CEB8-8B4A-11D0-8D11-00A0C91BC942}") = "Week 4", "Week 4.vcxproj", "{41072663-4DB3-4571-B293-DC2987C6E01A}"
EndProject
Global
	GlobalSection(SolutionConfigurationPlatforms) = preSolution
		Debug|x64 = Debug|x64
		Debug|x86 = Debug|x86
		Release|x64 = Release|x64
		Release|x86 = Release|x86
	EndGlobalSection
	GlobalSection(ProjectConfigurationPlatforms) = postSolution
		{41072663-4DB3-4571-B293-DC2987C6E01A}.Debug|x64.ActiveCfg = Debug|x64
		{41072663-4DB3-4571-B293-DC2987C6E01A}.Debug|x64.Build.0 = Debug|x64
		{41072663-4DB3-4571-B293-DC2987C6E01A}.Debug|x86.ActiveCfg = Debug|Win32
		{41072663-4DB3-4571-B293-DC2987C6E01A}.Debug|x86.Build.0 = Debug|Win32
		{41072663-4DB3-4571-B293-DC2987C6E01A}.Release|x64.ActiveCfg = Release|x64
		{41072663-4DB3-4571-B293-DC2987C6E01A}.Release|x64.Build.0 = Release|x64
		{41072663-4DB3-4571-B293-DC2987C6E01A}.Release|x86.ActiveCfg = Release|Win32
		{41072663-4DB3-4571-B293-DC2987C6E01A}.Release|x86.Build.0 = Release|Win32
	EndGlobalSection
	GlobalSection(SolutionProperties) = preSolution
		HideSolutionNode = FALSE
	EndGlobalSection
	GlobalSection(ExtensibilityGlobals) = postSolution
		SolutionGuid = {E6EF902C-CC06-4294-945F-9CDCB4919371}
	EndGlobalSection
EndGlobal
