
Microsoft Visual Studio Solution File, Format Version 12.00
# Visual Studio Version 16
VisualStudioVersion = 16.0.31205.134
MinimumVisualStudioVersion = 10.0.40219.1
Project("{8BC9CEB8-8B4A-11D0-8D11-00A0C91BC942}") = "시험 공부 2021_1 (2)", "시험 공부 2021_1 (2)\시험 공부 2021_1 (2).vcxproj", "{71AB206B-753E-4747-AA1D-93322E63D771}"
EndProject
Global
	GlobalSection(SolutionConfigurationPlatforms) = preSolution
		Debug|x64 = Debug|x64
		Debug|x86 = Debug|x86
		Release|x64 = Release|x64
		Release|x86 = Release|x86
	EndGlobalSection
	GlobalSection(ProjectConfigurationPlatforms) = postSolution
		{71AB206B-753E-4747-AA1D-93322E63D771}.Debug|x64.ActiveCfg = Debug|x64
		{71AB206B-753E-4747-AA1D-93322E63D771}.Debug|x64.Build.0 = Debug|x64
		{71AB206B-753E-4747-AA1D-93322E63D771}.Debug|x86.ActiveCfg = Debug|Win32
		{71AB206B-753E-4747-AA1D-93322E63D771}.Debug|x86.Build.0 = Debug|Win32
		{71AB206B-753E-4747-AA1D-93322E63D771}.Release|x64.ActiveCfg = Release|x64
		{71AB206B-753E-4747-AA1D-93322E63D771}.Release|x64.Build.0 = Release|x64
		{71AB206B-753E-4747-AA1D-93322E63D771}.Release|x86.ActiveCfg = Release|Win32
		{71AB206B-753E-4747-AA1D-93322E63D771}.Release|x86.Build.0 = Release|Win32
	EndGlobalSection
	GlobalSection(SolutionProperties) = preSolution
		HideSolutionNode = FALSE
	EndGlobalSection
	GlobalSection(ExtensibilityGlobals) = postSolution
		SolutionGuid = {31A3D8C0-2E85-42EE-B230-36CC8158C69D}
	EndGlobalSection
EndGlobal
