
Microsoft Visual Studio Solution File, Format Version 12.00
# Visual Studio Version 16
VisualStudioVersion = 16.0.31229.75
MinimumVisualStudioVersion = 10.0.40219.1
Project("{8BC9CEB8-8B4A-11D0-8D11-00A0C91BC942}") = "12주차", "12주차\12주차.vcxproj", "{14250458-06BB-4977-A155-5B11DABEA349}"
EndProject
Global
	GlobalSection(SolutionConfigurationPlatforms) = preSolution
		Debug|x64 = Debug|x64
		Debug|x86 = Debug|x86
		Release|x64 = Release|x64
		Release|x86 = Release|x86
	EndGlobalSection
	GlobalSection(ProjectConfigurationPlatforms) = postSolution
		{14250458-06BB-4977-A155-5B11DABEA349}.Debug|x64.ActiveCfg = Debug|x64
		{14250458-06BB-4977-A155-5B11DABEA349}.Debug|x64.Build.0 = Debug|x64
		{14250458-06BB-4977-A155-5B11DABEA349}.Debug|x86.ActiveCfg = Debug|Win32
		{14250458-06BB-4977-A155-5B11DABEA349}.Debug|x86.Build.0 = Debug|Win32
		{14250458-06BB-4977-A155-5B11DABEA349}.Release|x64.ActiveCfg = Release|x64
		{14250458-06BB-4977-A155-5B11DABEA349}.Release|x64.Build.0 = Release|x64
		{14250458-06BB-4977-A155-5B11DABEA349}.Release|x86.ActiveCfg = Release|Win32
		{14250458-06BB-4977-A155-5B11DABEA349}.Release|x86.Build.0 = Release|Win32
	EndGlobalSection
	GlobalSection(SolutionProperties) = preSolution
		HideSolutionNode = FALSE
	EndGlobalSection
	GlobalSection(ExtensibilityGlobals) = postSolution
		SolutionGuid = {1BD765E0-7EE3-425F-B965-A0D72D77EC84}
	EndGlobalSection
EndGlobal
